
Microsoft Visual Studio Solution File, Format Version 12.00
# Visual Studio 2012
Project("{2150E333-8FDC-42A3-9474-1A3956D46DE8}") = ".nuget", ".nuget", "{EEE6D879-5026-4DF4-8C56-FFF5D240735C}"
	ProjectSection(SolutionItems) = preProject
		.nuget\NuGet.Config = .nuget\NuGet.Config
		.nuget\NuGet.targets = .nuget\NuGet.targets
		.nuget\nuget.exe = .nuget\nuget.exe
	EndProjectSection
EndProject
Project("{FAE04EC0-301F-11D3-BF4B-00C04F79EFBC}") = "Provider", "Provider\Provider.csproj", "{36B7CC6E-1203-4116-85E9-0425B6C4F73A}"
EndProject
Project("{FAE04EC0-301F-11D3-BF4B-00C04F79EFBC}") = "Provider.Tests", "Provider.Tests\Provider.Tests.csproj", "{46F56868-3DC6-41A3-998C-CACEF660B150}"
EndProject
Project("{FAE04EC0-301F-11D3-BF4B-00C04F79EFBC}") = "Consumer", "Consumer\Consumer.csproj", "{E152C30C-394B-48F4-A2FB-17814937ED95}"
EndProject
Project("{FAE04EC0-301F-11D3-BF4B-00C04F79EFBC}") = "Consumer.Tests", "Consumer.Tests\Consumer.Tests.csproj", "{E9C0738D-A576-4481-944E-C226ACA86F32}"
EndProject
Global
	GlobalSection(SolutionConfigurationPlatforms) = preSolution
		Debug|Any CPU = Debug|Any CPU
		Release|Any CPU = Release|Any CPU
	EndGlobalSection
	GlobalSection(ProjectConfigurationPlatforms) = postSolution
		{36B7CC6E-1203-4116-85E9-0425B6C4F73A}.Debug|Any CPU.ActiveCfg = Debug|Any CPU
		{36B7CC6E-1203-4116-85E9-0425B6C4F73A}.Debug|Any CPU.Build.0 = Debug|Any CPU
		{36B7CC6E-1203-4116-85E9-0425B6C4F73A}.Release|Any CPU.ActiveCfg = Release|Any CPU
		{36B7CC6E-1203-4116-85E9-0425B6C4F73A}.Release|Any CPU.Build.0 = Release|Any CPU
		{46F56868-3DC6-41A3-998C-CACEF660B150}.Debug|Any CPU.ActiveCfg = Debug|Any CPU
		{46F56868-3DC6-41A3-998C-CACEF660B150}.Debug|Any CPU.Build.0 = Debug|Any CPU
		{46F56868-3DC6-41A3-998C-CACEF660B150}.Release|Any CPU.ActiveCfg = Release|Any CPU
		{46F56868-3DC6-41A3-998C-CACEF660B150}.Release|Any CPU.Build.0 = Release|Any CPU
		{E152C30C-394B-48F4-A2FB-17814937ED95}.Debug|Any CPU.ActiveCfg = Debug|Any CPU
		{E152C30C-394B-48F4-A2FB-17814937ED95}.Debug|Any CPU.Build.0 = Debug|Any CPU
		{E152C30C-394B-48F4-A2FB-17814937ED95}.Release|Any CPU.ActiveCfg = Release|Any CPU
		{E152C30C-394B-48F4-A2FB-17814937ED95}.Release|Any CPU.Build.0 = Release|Any CPU
		{E9C0738D-A576-4481-944E-C226ACA86F32}.Debug|Any CPU.ActiveCfg = Debug|Any CPU
		{E9C0738D-A576-4481-944E-C226ACA86F32}.Debug|Any CPU.Build.0 = Debug|Any CPU
		{E9C0738D-A576-4481-944E-C226ACA86F32}.Release|Any CPU.ActiveCfg = Release|Any CPU
		{E9C0738D-A576-4481-944E-C226ACA86F32}.Release|Any CPU.Build.0 = Release|Any CPU
	EndGlobalSection
	GlobalSection(SolutionProperties) = preSolution
		HideSolutionNode = FALSE
	EndGlobalSection
EndGlobal
